// !$*UTF8*$!
{
	archiveVersion = 1;
	classes = {
	};
	objectVersion = 50;
	objects = {

/* Begin PBXBuildFile section */
		D45DF0FC242DFCF100694857 /* AppDelegate.swift in Sources */ = {isa = PBXBuildFile; fileRef = D45DF0FB242DFCF100694857 /* AppDelegate.swift */; };
		D45DF0FE242DFCF100694857 /* SceneDelegate.swift in Sources */ = {isa = PBXBuildFile; fileRef = D45DF0FD242DFCF100694857 /* SceneDelegate.swift */; };
		D45DF100242DFCF100694857 /* ViewController.swift in Sources */ = {isa = PBXBuildFile; fileRef = D45DF0FF242DFCF100694857 /* ViewController.swift */; };
		D45DF103242DFCF100694857 /* Main.storyboard in Resources */ = {isa = PBXBuildFile; fileRef = D45DF101242DFCF100694857 /* Main.storyboard */; };
		D45DF105242DFCF600694857 /* Assets.xcassets in Resources */ = {isa = PBXBuildFile; fileRef = D45DF104242DFCF600694857 /* Assets.xcassets */; };
		D45DF108242DFCF600694857 /* LaunchScreen.storyboard in Resources */ = {isa = PBXBuildFile; fileRef = D45DF106242DFCF600694857 /* LaunchScreen.storyboard */; };
		D45DF110242DFDAB00694857 /* PageViewController.swift in Sources */ = {isa = PBXBuildFile; fileRef = D45DF10F242DFDAB00694857 /* PageViewController.swift */; };
/* End PBXBuildFile section */

/* Begin PBXFileReference section */
		D45DF0F8242DFCF100694857 /* EndlessPages.app */ = {isa = PBXFileReference; explicitFileType = wrapper.application; includeInIndex = 0; path = EndlessPages.app; sourceTree = BUILT_PRODUCTS_DIR; };
		D45DF0FB242DFCF100694857 /* AppDelegate.swift */ = {isa = PBXFileReference; lastKnownFileType = sourcecode.swift; path = AppDelegate.swift; sourceTree = "<group>"; };
		D45DF0FD242DFCF100694857 /* SceneDelegate.swift */ = {isa = PBXFileReference; lastKnownFileType = sourcecode.swift; path = SceneDelegate.swift; sourceTree = "<group>"; };
		D45DF0FF242DFCF100694857 /* ViewController.swift */ = {isa = PBXFileReference; lastKnownFileType = sourcecode.swift; path = ViewController.swift; sourceTree = "<group>"; };
		D45DF102242DFCF100694857 /* Base */ = {isa = PBXFileReference; lastKnownFileType = file.storyboard; name = Base; path = Base.lproj/Main.storyboard; sourceTree = "<group>"; };
		D45DF104242DFCF600694857 /* Assets.xcassets */ = {isa = PBXFileReference; lastKnownFileType = folder.assetcatalog; path = Assets.xcassets; sourceTree = "<group>"; };
		D45DF107242DFCF600694857 /* Base */ = {isa = PBXFileReference; lastKnownFileType = file.storyboard; name = Base; path = Base.lproj/LaunchScreen.storyboard; sourceTree = "<group>"; };
		D45DF109242DFCF600694857 /* Info.plist */ = {isa = PBXFileReference; lastKnownFileType = text.plist.xml; path = Info.plist; sourceTree = "<group>"; };
		D45DF10F242DFDAB00694857 /* PageViewController.swift */ = {isa = PBXFileReference; lastKnownFileType = sourcecode.swift; path = PageViewController.swift; sourceTree = "<group>"; };
/* End PBXFileReference section */

/* Begin PBXFrameworksBuildPhase section */
		D45DF0F5242DFCF100694857 /* Frameworks */ = {
			isa = PBXFrameworksBuildPhase;
			buildActionMask = 2147483647;
			files = (
			);
			runOnlyForDeploymentPostprocessing = 0;
		};
/* End PBXFrameworksBuildPhase section */

/* Begin PBXGroup section */
		D45DF0EF242DFCF100694857 = {
			isa = PBXGroup;
			children = (
				D45DF0FA242DFCF100694857 /* EndlessPages */,
				D45DF0F9242DFCF100694857 /* Products */,
			);
			sourceTree = "<group>";
		};
		D45DF0F9242DFCF100694857 /* Products */ = {
			isa = PBXGroup;
			children = (
				D45DF0F8242DFCF100694857 /* EndlessPages.app */,
			);
			name = Products;
			sourceTree = "<group>";
		};
		D45DF0FA242DFCF100694857 /* EndlessPages */ = {
			isa = PBXGroup;
			children = (
				D45DF0FB242DFCF100694857 /* AppDelegate.swift */,
				D45DF0FD242DFCF100694857 /* SceneDelegate.swift */,
				D45DF0FF242DFCF100694857 /* ViewController.swift */,
				D45DF10F242DFDAB00694857 /* PageViewController.swift */,
				D45DF101242DFCF100694857 /* Main.storyboard */,
				D45DF104242DFCF600694857 /* Assets.xcassets */,
				D45DF106242DFCF600694857 /* LaunchScreen.storyboard */,
				D45DF109242DFCF600694857 /* Info.plist */,
			);
			path = EndlessPages;
			sourceTree = "<group>";
		};
/* End PBXGroup section */

/* Begin PBXNativeTarget section */
		D45DF0F7242DFCF100694857 /* EndlessPages */ = {
			isa = PBXNativeTarget;
			buildConfigurationList = D45DF10C242DFCF600694857 /* Build configuration list for PBXNativeTarget "EndlessPages" */;
			buildPhases = (
				D45DF0F4242DFCF100694857 /* Sources */,
				D45DF0F5242DFCF100694857 /* Frameworks */,
				D45DF0F6242DFCF100694857 /* Resources */,
			);
			buildRules = (
			);
			dependencies = (
			);
			name = EndlessPages;
			productName = EndlessPages;
			productReference = D45DF0F8242DFCF100694857 /* EndlessPages.app */;
			productType = "com.apple.product-type.application";
		};
/* End PBXNativeTarget section */

/* Begin PBXProject section */
		D45DF0F0242DFCF100694857 /* Project object */ = {
			isa = PBXProject;
			attributes = {
				LastSwiftUpdateCheck = 1130;
				LastUpgradeCheck = 1130;
				ORGANIZATIONNAME = "TGI Technology";
				TargetAttributes = {
					D45DF0F7242DFCF100694857 = {
						CreatedOnToolsVersion = 11.3.1;
					};
				};
			};
			buildConfigurationList = D45DF0F3242DFCF100694857 /* Build configuration list for PBXProject "EndlessPages" */;
			compatibilityVersion = "Xcode 9.3";
			developmentRegion = en;
			hasScannedForEncodings = 0;
			knownRegions = (
				en,
				Base,
			);
			mainGroup = D45DF0EF242DFCF100694857;
			productRefGroup = D45DF0F9242DFCF100694857 /* Products */;
			projectDirPath = "";
			projectRoot = "";
			targets = (
				D45DF0F7242DFCF100694857 /* EndlessPages */,
			);
		};
/* End PBXProject section */

/* Begin PBXResourcesBuildPhase section */
		D45DF0F6242DFCF100694857 /* Resources */ = {
			isa = PBXResourcesBuildPhase;
			buildActionMask = 2147483647;
			files = (
				D45DF108242DFCF600694857 /* LaunchScreen.storyboard in Resources */,
				D45DF105242DFCF600694857 /* Assets.xcassets in Resources */,
				D45DF103242DFCF100694857 /* Main.storyboard in Resources */,
			);
			runOnlyForDeploymentPostprocessing = 0;
		};
/* End PBXResourcesBuildPhase section */

/* Begin PBXSourcesBuildPhase section */
		D45DF0F4242DFCF100694857 /* Sources */ = {
			isa = PBXSourcesBuildPhase;
			buildActionMask = 2147483647;
			files = (
				D45DF100242DFCF100694857 /* ViewController.swift in Sources */,
				D45DF0FC242DFCF100694857 /* AppDelegate.swift in Sources */,
				D45DF0FE242DFCF100694857 /* SceneDelegate.swift in Sources */,
				D45DF110242DFDAB00694857 /* PageViewController.swift in Sources */,
			);
			runOnlyForDeploymentPostprocessing = 0;
		};
/* End PBXSourcesBuildPhase section */

/* Begin PBXVariantGroup section */
		D45DF101242DFCF100694857 /* Main.storyboard */ = {
			isa = PBXVariantGroup;
			children = (
				D45DF102242DFCF100694857 /* Base */,
			);
			name = Main.storyboard;
			sourceTree = "<group>";
		};
		D45DF106242DFCF600694857 /* LaunchScreen.storyboard */ = {
			isa = PBXVariantGroup;
			children = (
				D45DF107242DFCF600694857 /* Base */,
			);
			name = LaunchScreen.storyboard;
			sourceTree = "<group>";
		};
/* End PBXVariantGroup section */

/* Begin XCBuildConfiguration section */
		D45DF10A242DFCF600694857 /* Debug */ = {
			isa = XCBuildConfiguration;
			buildSettings = {
				ALWAYS_SEARCH_USER_PATHS = NO;
				CLANG_ANALYZER_NONNULL = YES;
				CLANG_ANALYZER_NUMBER_OBJECT_CONVERSION = YES_AGGRESSIVE;
				CLANG_CXX_LANGUAGE_STANDARD = "gnu++14";
				CLANG_CXX_LIBRARY = "libc++";
				CLANG_ENABLE_MODULES = YES;
				CLANG_ENABLE_OBJC_ARC = YES;
				CLANG_ENABLE_OBJC_WEAK = YES;
				CLANG_WARN_BLOCK_CAPTURE_AUTORELEASING = YES;
				CLANG_WARN_BOOL_CONVERSION = YES;
				CLANG_WARN_COMMA = YES;
				CLANG_WARN_CONSTANT_CONVERSION = YES;
				CLANG_WARN_DEPRECATED_OBJC_IMPLEMENTATIONS = YES;
				CLANG_WARN_DIRECT_OBJC_ISA_USAGE = YES_ERROR;
				CLANG_WARN_DOCUMENTATION_COMMENTS = YES;
				CLANG_WARN_EMPTY_BODY = YES;
				CLANG_WARN_ENUM_CONVERSION = YES;
				CLANG_WARN_INFINITE_RECURSION = YES;
				CLANG_WARN_INT_CONVERSION = YES;
				CLANG_WARN_NON_LITERAL_NULL_CONVERSION = YES;
				CLANG_WARN_OBJC_IMPLICIT_RETAIN_SELF = YES;
				CLANG_WARN_OBJC_LITERAL_CONVERSION = YES;
				CLANG_WARN_OBJC_ROOT_CLASS = YES_ERROR;
				CLANG_WARN_RANGE_LOOP_ANALYSIS = YES;
				CLANG_WARN_STRICT_PROTOTYPES = YES;
				CLANG_WARN_SUSPICIOUS_MOVE = YES;
				CLANG_WARN_UNGUARDED_AVAILABILITY = YES_AGGRESSIVE;
				CLANG_WARN_UNREACHABLE_CODE = YES;
				CLANG_WARN__DUPLICATE_METHOD_MATCH = YES;
				COPY_PHASE_STRIP = NO;
				DEBUG_INFORMATION_FORMAT = dwarf;
				ENABLE_STRICT_OBJC_MSGSEND = YES;
				ENABLE_TESTABILITY = YES;
				GCC_C_LANGUAGE_STANDARD = gnu11;
				GCC_DYNAMIC_NO_PIC = NO;
				GCC_NO_COMMON_BLOCKS = YES;
				GCC_OPTIMIZATION_LEVEL = 0;
				GCC_PREPROCESSOR_DEFINITIONS = (
					"DEBUG=1",
					"$(inherited)",
				);
				GCC_WARN_64_TO_32_BIT_CONVERSION = YES;
				GCC_WARN_ABOUT_RETURN_TYPE = YES_ERROR;
				GCC_WARN_UNDECLARED_SELECTOR = YES;
				GCC_WARN_UNINITIALIZED_AUTOS = YES_AGGRESSIVE;
				GCC_WARN_UNUSED_FUNCTION = YES;
				GCC_WARN_UNUSED_VARIABLE = YES;
				IPHONEOS_DEPLOYMENT_TARGET = 13.2;
				MTL_ENABLE_DEBUG_INFO = INCLUDE_SOURCE;
				MTL_FAST_MATH = YES;
				ONLY_ACTIVE_ARCH = YES;
				SDKROOT = iphoneos;
				SWIFT_ACTIVE_COMPILATION_CONDITIONS = DEBUG;
				SWIFT_OPTIMIZATION_LEVEL = "-Onone";
			};
			name = Debug;
		};
		D45DF10B242DFCF600694857 /* Release */ = {
			isa = XCBuildConfiguration;
			buildSettings = {
				ALWAYS_SEARCH_USER_PATHS = NO;
				CLANG_ANALYZER_NONNULL = YES;
				CLANG_ANALYZER_NUMBER_OBJECT_CONVERSION = YES_AGGRESSIVE;
				CLANG_CXX_LANGUAGE_STANDARD = "gnu++14";
				CLANG_CXX_LIBRARY = "libc++";
				CLANG_ENABLE_MODULES = YES;
				CLANG_ENABLE_OBJC_ARC = YES;
				CLANG_ENABLE_OBJC_WEAK = YES;
				CLANG_WARN_BLOCK_CAPTURE_AUTORELEASING = YES;
				CLANG_WARN_BOOL_CONVERSION = YES;
				CLANG_WARN_COMMA = YES;
				CLANG_WARN_CONSTANT_CONVERSION = YES;
				CLANG_WARN_DEPRECATED_OBJC_IMPLEMENTATIONS = YES;
				CLANG_WARN_DIRECT_OBJC_ISA_USAGE = YES_ERROR;
				CLANG_WARN_DOCUMENTATION_COMMENTS = YES;
				CLANG_WARN_EMPTY_BODY = YES;
				CLANG_WARN_ENUM_CONVERSION = YES;
				CLANG_WARN_INFINITE_RECURSION = YES;
				CLANG_WARN_INT_CONVERSION = YES;
				CLANG_WARN_NON_LITERAL_NULL_CONVERSION = YES;
				CLANG_WARN_OBJC_IMPLICIT_RETAIN_SELF = YES;
				CLANG_WARN_OBJC_LITERAL_CONVERSION = YES;
				CLANG_WARN_OBJC_ROOT_CLASS = YES_ERROR;
				CLANG_WARN_RANGE_LOOP_ANALYSIS = YES;
				CLANG_WARN_STRICT_PROTOTYPES = YES;
				CLANG_WARN_SUSPICIOUS_MOVE = YES;
				CLANG_WARN_UNGUARDED_AVAILABILITY = YES_AGGRESSIVE;
				CLANG_WARN_UNREACHABLE_CODE = YES;
				CLANG_WARN__DUPLICATE_METHOD_MATCH = YES;
				COPY_PHASE_STRIP = NO;
				DEBUG_INFORMATION_FORMAT = "dwarf-with-dsym";
				ENABLE_NS_ASSERTIONS = NO;
				ENABLE_STRICT_OBJC_MSGSEND = YES;
				GCC_C_LANGUAGE_STANDARD = gnu11;
				GCC_NO_COMMON_BLOCKS = YES;
				GCC_WARN_64_TO_32_BIT_CONVERSION = YES;
				GCC_WARN_ABOUT_RETURN_TYPE = YES_ERROR;
				GCC_WARN_UNDECLARED_SELECTOR = YES;
				GCC_WARN_UNINITIALIZED_AUTOS = YES_AGGRESSIVE;
				GCC_WARN_UNUSED_FUNCTION = YES;
				GCC_WARN_UNUSED_VARIABLE = YES;
				IPHONEOS_DEPLOYMENT_TARGET = 13.2;
				MTL_ENABLE_DEBUG_INFO = NO;
				MTL_FAST_MATH = YES;
				SDKROOT = iphoneos;
				SWIFT_COMPILATION_MODE = wholemodule;
				SWIFT_OPTIMIZATION_LEVEL = "-O";
				VALIDATE_PRODUCT = YES;
			};
			name = Release;
		};
		D45DF10D242DFCF600694857 /* Debug */ = {
			isa = XCBuildConfiguration;
			buildSettings = {
				ASSETCATALOG_COMPILER_APPICON_NAME = AppIcon;
				CODE_SIGN_STYLE = Automatic;
				DEVELOPMENT_TEAM = 8Y7626TS68;
				INFOPLIST_FILE = EndlessPages/Info.plist;
				LD_RUNPATH_SEARCH_PATHS = (
					"$(inherited)",
					"@executable_path/Frameworks",
				);
				PRODUCT_BUNDLE_IDENTIFIER = com.tgitech.EndlessPages;
				PRODUCT_NAME = "$(TARGET_NAME)";
				SWIFT_VERSION = 5.0;
				TARGETED_DEVICE_FAMILY = "1,2";
			};
			name = Debug;
		};
		D45DF10E242DFCF600694857 /* Release */ = {
			isa = XCBuildConfiguration;
			buildSettings = {
				ASSETCATALOG_COMPILER_APPICON_NAME = AppIcon;
				CODE_SIGN_STYLE = Automatic;
				DEVELOPMENT_TEAM = 8Y7626TS68;
				INFOPLIST_FILE = EndlessPages/Info.plist;
				LD_RUNPATH_SEARCH_PATHS = (
					"$(inherited)",
					"@executable_path/Frameworks",
				);
				PRODUCT_BUNDLE_IDENTIFIER = com.tgitech.EndlessPages;
				PRODUCT_NAME = "$(TARGET_NAME)";
				SWIFT_VERSION = 5.0;
				TARGETED_DEVICE_FAMILY = "1,2";
			};
			name = Release;
		};
/* End XCBuildConfiguration section */

/* Begin XCConfigurationList section */
		D45DF0F3242DFCF100694857 /* Build configuration list for PBXProject "EndlessPages" */ = {
			isa = XCConfigurationList;
			buildConfigurations = (
				D45DF10A242DFCF600694857 /* Debug */,
				D45DF10B242DFCF600694857 /* Release */,
			);
			defaultConfigurationIsVisible = 0;
			defaultConfigurationName = Release;
		};
		D45DF10C242DFCF600694857 /* Build configuration list for PBXNativeTarget "EndlessPages" */ = {
			isa = XCConfigurationList;
			buildConfigurations = (
				D45DF10D242DFCF600694857 /* Debug */,
				D45DF10E242DFCF600694857 /* Release */,
			);
			defaultConfigurationIsVisible = 0;
			defaultConfigurationName = Release;
		};
/* End XCConfigurationList section */
	};
	rootObject = D45DF0F0242DFCF100694857 /* Project object */;
}
